
Microsoft Visual Studio Solution File, Format Version 12.00
# Visual Studio Version 17
VisualStudioVersion = 17.1.32328.378
MinimumVisualStudioVersion = 10.0.40219.1
Project("{FAE04EC0-301F-11D3-BF4B-00C04F79EFBC}") = "QuizAPI", "QuizAPI\QuizAPI.csproj", "{1D062808-98D6-4A28-8DFF-4C4D307A4482}"
EndProject
Global
	GlobalSection(SolutionConfigurationPlatforms) = preSolution
		Debug|Any CPU = Debug|Any CPU
		Release|Any CPU = Release|Any CPU
	EndGlobalSection
	GlobalSection(ProjectConfigurationPlatforms) = postSolution
		{1D062808-98D6-4A28-8DFF-4C4D307A4482}.Debug|Any CPU.ActiveCfg = Debug|Any CPU
		{1D062808-98D6-4A28-8DFF-4C4D307A4482}.Debug|Any CPU.Build.0 = Debug|Any CPU
		{1D062808-98D6-4A28-8DFF-4C4D307A4482}.Release|Any CPU.ActiveCfg = Release|Any CPU
		{1D062808-98D6-4A28-8DFF-4C4D307A4482}.Release|Any CPU.Build.0 = Release|Any CPU
	EndGlobalSection
	GlobalSection(SolutionProperties) = preSolution
		HideSolutionNode = FALSE
	EndGlobalSection
	GlobalSection(ExtensibilityGlobals) = postSolution
		SolutionGuid = {2A8EBF76-4FDF-49C1-A2BA-37B9B10CBA8E}
	EndGlobalSection
EndGlobal
